
Microsoft Visual Studio Solution File, Format Version 12.00
# Visual Studio 15
VisualStudioVersion = 15.0.28010.2046
MinimumVisualStudioVersion = 10.0.40219.1
Project("{8BC9CEB8-8B4A-11D0-8D11-00A0C91BC942}") = "Tetris", "Tetris\Tetris.vcxproj", "{99B435F2-8004-4CCE-9D8A-4255848408E6}"
EndProject
Global
	GlobalSection(SolutionConfigurationPlatforms) = preSolution
		Debug|x64 = Debug|x64
		Debug|x86 = Debug|x86
		Release|x64 = Release|x64
		Release|x86 = Release|x86
	EndGlobalSection
	GlobalSection(ProjectConfigurationPlatforms) = postSolution
		{99B435F2-8004-4CCE-9D8A-4255848408E6}.Debug|x64.ActiveCfg = Debug|x64
		{99B435F2-8004-4CCE-9D8A-4255848408E6}.Debug|x64.Build.0 = Debug|x64
		{99B435F2-8004-4CCE-9D8A-4255848408E6}.Debug|x86.ActiveCfg = Debug|Win32
		{99B435F2-8004-4CCE-9D8A-4255848408E6}.Debug|x86.Build.0 = Debug|Win32
		{99B435F2-8004-4CCE-9D8A-4255848408E6}.Release|x64.ActiveCfg = Release|x64
		{99B435F2-8004-4CCE-9D8A-4255848408E6}.Release|x64.Build.0 = Release|x64
		{99B435F2-8004-4CCE-9D8A-4255848408E6}.Release|x86.ActiveCfg = Release|Win32
		{99B435F2-8004-4CCE-9D8A-4255848408E6}.Release|x86.Build.0 = Release|Win32
	EndGlobalSection
	GlobalSection(SolutionProperties) = preSolution
		HideSolutionNode = FALSE
	EndGlobalSection
	GlobalSection(ExtensibilityGlobals) = postSolution
		SolutionGuid = {CA9076A6-7EE7-42AD-B1CD-71462FAB0775}
	EndGlobalSection
EndGlobal
